// !$*UTF8*$!
{
	archiveVersion = 1;
	classes = {
	};
	objectVersion = 46;
	objects = {

/* Begin PBXBuildFile section */
		00DAA5D1FBDD64458ABD9544 /* Pods_OneTapMovie2Tests.framework in Frameworks */ = {isa = PBXBuildFile; fileRef = 1FA8B8F1D73E67AF5CCFE486 /* Pods_OneTapMovie2Tests.framework */; };
		B981D9D3C58D5F0390F985AE /* Pods_OneTapMovie2.framework in Frameworks */ = {isa = PBXBuildFile; fileRef = 6DC01C87E3B79EF093871821 /* Pods_OneTapMovie2.framework */; };
		CEBCDE0D714DC81D6502F575 /* Pods_OneTapMovie2UITests.framework in Frameworks */ = {isa = PBXBuildFile; fileRef = 6D96B97D26FF851120A8794B /* Pods_OneTapMovie2UITests.framework */; };
		F50304481EEC0DDD0035A876 /* AppDelegate.swift in Sources */ = {isa = PBXBuildFile; fileRef = F50304471EEC0DDD0035A876 /* AppDelegate.swift */; };
		F503044D1EEC0DDD0035A876 /* Main.storyboard in Resources */ = {isa = PBXBuildFile; fileRef = F503044B1EEC0DDD0035A876 /* Main.storyboard */; };
		F503044F1EEC0DDD0035A876 /* Assets.xcassets in Resources */ = {isa = PBXBuildFile; fileRef = F503044E1EEC0DDD0035A876 /* Assets.xcassets */; };
		F50304521EEC0DDD0035A876 /* LaunchScreen.storyboard in Resources */ = {isa = PBXBuildFile; fileRef = F50304501EEC0DDD0035A876 /* LaunchScreen.storyboard */; };
		F503045D1EEC0DDD0035A876 /* OneTapMovie2Tests.swift in Sources */ = {isa = PBXBuildFile; fileRef = F503045C1EEC0DDD0035A876 /* OneTapMovie2Tests.swift */; };
		F50304681EEC0DDD0035A876 /* OneTapMovie2UITests.swift in Sources */ = {isa = PBXBuildFile; fileRef = F50304671EEC0DDD0035A876 /* OneTapMovie2UITests.swift */; };
		F50304761EEC12DE0035A876 /* SearchPageViewController.swift in Sources */ = {isa = PBXBuildFile; fileRef = F50304751EEC12DE0035A876 /* SearchPageViewController.swift */; };
		F50304781EEC6F960035A876 /* ResultViewController.swift in Sources */ = {isa = PBXBuildFile; fileRef = F50304771EEC6F960035A876 /* ResultViewController.swift */; };
/* End PBXBuildFile section */

/* Begin PBXContainerItemProxy section */
		F50304591EEC0DDD0035A876 /* PBXContainerItemProxy */ = {
			isa = PBXContainerItemProxy;
			containerPortal = F503043C1EEC0DDC0035A876 /* Project object */;
			proxyType = 1;
			remoteGlobalIDString = F50304431EEC0DDD0035A876;
			remoteInfo = OneTapMovie2;
		};
		F50304641EEC0DDD0035A876 /* PBXContainerItemProxy */ = {
			isa = PBXContainerItemProxy;
			containerPortal = F503043C1EEC0DDC0035A876 /* Project object */;
			proxyType = 1;
			remoteGlobalIDString = F50304431EEC0DDD0035A876;
			remoteInfo = OneTapMovie2;
		};
/* End PBXContainerItemProxy section */

/* Begin PBXFileReference section */
		1FA8B8F1D73E67AF5CCFE486 /* Pods_OneTapMovie2Tests.framework */ = {isa = PBXFileReference; explicitFileType = wrapper.framework; includeInIndex = 0; path = Pods_OneTapMovie2Tests.framework; sourceTree = BUILT_PRODUCTS_DIR; };
		32F1D4D866357AFD5D2D8BA1 /* Pods-OneTapMovie2UITests.release.xcconfig */ = {isa = PBXFileReference; includeInIndex = 1; lastKnownFileType = text.xcconfig; name = "Pods-OneTapMovie2UITests.release.xcconfig"; path = "Pods/Target Support Files/Pods-OneTapMovie2UITests/Pods-OneTapMovie2UITests.release.xcconfig"; sourceTree = "<group>"; };
		50F380C57279E727CDD7672B /* Pods-OneTapMovie2Tests.release.xcconfig */ = {isa = PBXFileReference; includeInIndex = 1; lastKnownFileType = text.xcconfig; name = "Pods-OneTapMovie2Tests.release.xcconfig"; path = "Pods/Target Support Files/Pods-OneTapMovie2Tests/Pods-OneTapMovie2Tests.release.xcconfig"; sourceTree = "<group>"; };
		62B5F97EA36F75020E1BE691 /* Pods-OneTapMovie2Tests.debug.xcconfig */ = {isa = PBXFileReference; includeInIndex = 1; lastKnownFileType = text.xcconfig; name = "Pods-OneTapMovie2Tests.debug.xcconfig"; path = "Pods/Target Support Files/Pods-OneTapMovie2Tests/Pods-OneTapMovie2Tests.debug.xcconfig"; sourceTree = "<group>"; };
		6D96B97D26FF851120A8794B /* Pods_OneTapMovie2UITests.framework */ = {isa = PBXFileReference; explicitFileType = wrapper.framework; includeInIndex = 0; path = Pods_OneTapMovie2UITests.framework; sourceTree = BUILT_PRODUCTS_DIR; };
		6DC01C87E3B79EF093871821 /* Pods_OneTapMovie2.framework */ = {isa = PBXFileReference; explicitFileType = wrapper.framework; includeInIndex = 0; path = Pods_OneTapMovie2.framework; sourceTree = BUILT_PRODUCTS_DIR; };
		BD804D197CAF185D7F9434EE /* Pods-OneTapMovie2.release.xcconfig */ = {isa = PBXFileReference; includeInIndex = 1; lastKnownFileType = text.xcconfig; name = "Pods-OneTapMovie2.release.xcconfig"; path = "Pods/Target Support Files/Pods-OneTapMovie2/Pods-OneTapMovie2.release.xcconfig"; sourceTree = "<group>"; };
		F50304441EEC0DDD0035A876 /* OneTapMovie2.app */ = {isa = PBXFileReference; explicitFileType = wrapper.application; includeInIndex = 0; path = OneTapMovie2.app; sourceTree = BUILT_PRODUCTS_DIR; };
		F50304471EEC0DDD0035A876 /* AppDelegate.swift */ = {isa = PBXFileReference; lastKnownFileType = sourcecode.swift; path = AppDelegate.swift; sourceTree = "<group>"; };
		F503044C1EEC0DDD0035A876 /* Base */ = {isa = PBXFileReference; lastKnownFileType = file.storyboard; name = Base; path = Base.lproj/Main.storyboard; sourceTree = "<group>"; };
		F503044E1EEC0DDD0035A876 /* Assets.xcassets */ = {isa = PBXFileReference; lastKnownFileType = folder.assetcatalog; path = Assets.xcassets; sourceTree = "<group>"; };
		F50304511EEC0DDD0035A876 /* Base */ = {isa = PBXFileReference; lastKnownFileType = file.storyboard; name = Base; path = Base.lproj/LaunchScreen.storyboard; sourceTree = "<group>"; };
		F50304531EEC0DDD0035A876 /* Info.plist */ = {isa = PBXFileReference; lastKnownFileType = text.plist.xml; path = Info.plist; sourceTree = "<group>"; };
		F50304581EEC0DDD0035A876 /* OneTapMovie2Tests.xctest */ = {isa = PBXFileReference; explicitFileType = wrapper.cfbundle; includeInIndex = 0; path = OneTapMovie2Tests.xctest; sourceTree = BUILT_PRODUCTS_DIR; };
		F503045C1EEC0DDD0035A876 /* OneTapMovie2Tests.swift */ = {isa = PBXFileReference; lastKnownFileType = sourcecode.swift; path = OneTapMovie2Tests.swift; sourceTree = "<group>"; };
		F503045E1EEC0DDD0035A876 /* Info.plist */ = {isa = PBXFileReference; lastKnownFileType = text.plist.xml; path = Info.plist; sourceTree = "<group>"; };
		F50304631EEC0DDD0035A876 /* OneTapMovie2UITests.xctest */ = {isa = PBXFileReference; explicitFileType = wrapper.cfbundle; includeInIndex = 0; path = OneTapMovie2UITests.xctest; sourceTree = BUILT_PRODUCTS_DIR; };
		F50304671EEC0DDD0035A876 /* OneTapMovie2UITests.swift */ = {isa = PBXFileReference; lastKnownFileType = sourcecode.swift; path = OneTapMovie2UITests.swift; sourceTree = "<group>"; };
		F50304691EEC0DDD0035A876 /* Info.plist */ = {isa = PBXFileReference; lastKnownFileType = text.plist.xml; path = Info.plist; sourceTree = "<group>"; };
		F50304751EEC12DE0035A876 /* SearchPageViewController.swift */ = {isa = PBXFileReference; fileEncoding = 4; lastKnownFileType = sourcecode.swift; path = SearchPageViewController.swift; sourceTree = "<group>"; };
		F50304771EEC6F960035A876 /* ResultViewController.swift */ = {isa = PBXFileReference; fileEncoding = 4; lastKnownFileType = sourcecode.swift; path = ResultViewController.swift; sourceTree = "<group>"; };
		F78B95E938BC43D2CC1EEE1D /* Pods-OneTapMovie2UITests.debug.xcconfig */ = {isa = PBXFileReference; includeInIndex = 1; lastKnownFileType = text.xcconfig; name = "Pods-OneTapMovie2UITests.debug.xcconfig"; path = "Pods/Target Support Files/Pods-OneTapMovie2UITests/Pods-OneTapMovie2UITests.debug.xcconfig"; sourceTree = "<group>"; };
		F859B3B0FB630DAF44F121D3 /* Pods-OneTapMovie2.debug.xcconfig */ = {isa = PBXFileReference; includeInIndex = 1; lastKnownFileType = text.xcconfig; name = "Pods-OneTapMovie2.debug.xcconfig"; path = "Pods/Target Support Files/Pods-OneTapMovie2/Pods-OneTapMovie2.debug.xcconfig"; sourceTree = "<group>"; };
/* End PBXFileReference section */

/* Begin PBXFrameworksBuildPhase section */
		F50304411EEC0DDD0035A876 /* Frameworks */ = {
			isa = PBXFrameworksBuildPhase;
			buildActionMask = 2147483647;
			files = (
				B981D9D3C58D5F0390F985AE /* Pods_OneTapMovie2.framework in Frameworks */,
			);
			runOnlyForDeploymentPostprocessing = 0;
		};
		F50304551EEC0DDD0035A876 /* Frameworks */ = {
			isa = PBXFrameworksBuildPhase;
			buildActionMask = 2147483647;
			files = (
				00DAA5D1FBDD64458ABD9544 /* Pods_OneTapMovie2Tests.framework in Frameworks */,
			);
			runOnlyForDeploymentPostprocessing = 0;
		};
		F50304601EEC0DDD0035A876 /* Frameworks */ = {
			isa = PBXFrameworksBuildPhase;
			buildActionMask = 2147483647;
			files = (
				CEBCDE0D714DC81D6502F575 /* Pods_OneTapMovie2UITests.framework in Frameworks */,
			);
			runOnlyForDeploymentPostprocessing = 0;
		};
/* End PBXFrameworksBuildPhase section */

/* Begin PBXGroup section */
		56F14B8EDA5B31E7D672B648 /* Frameworks */ = {
			isa = PBXGroup;
			children = (
				6DC01C87E3B79EF093871821 /* Pods_OneTapMovie2.framework */,
				1FA8B8F1D73E67AF5CCFE486 /* Pods_OneTapMovie2Tests.framework */,
				6D96B97D26FF851120A8794B /* Pods_OneTapMovie2UITests.framework */,
			);
			name = Frameworks;
			sourceTree = "<group>";
		};
		CFAED9FA390FD818D8C655BE /* Pods */ = {
			isa = PBXGroup;
			children = (
				F859B3B0FB630DAF44F121D3 /* Pods-OneTapMovie2.debug.xcconfig */,
				BD804D197CAF185D7F9434EE /* Pods-OneTapMovie2.release.xcconfig */,
				62B5F97EA36F75020E1BE691 /* Pods-OneTapMovie2Tests.debug.xcconfig */,
				50F380C57279E727CDD7672B /* Pods-OneTapMovie2Tests.release.xcconfig */,
				F78B95E938BC43D2CC1EEE1D /* Pods-OneTapMovie2UITests.debug.xcconfig */,
				32F1D4D866357AFD5D2D8BA1 /* Pods-OneTapMovie2UITests.release.xcconfig */,
			);
			name = Pods;
			sourceTree = "<group>";
		};
		F503043B1EEC0DDC0035A876 = {
			isa = PBXGroup;
			children = (
				F50304461EEC0DDD0035A876 /* OneTapMovie2 */,
				F503045B1EEC0DDD0035A876 /* OneTapMovie2Tests */,
				F50304661EEC0DDD0035A876 /* OneTapMovie2UITests */,
				F50304451EEC0DDD0035A876 /* Products */,
				CFAED9FA390FD818D8C655BE /* Pods */,
				56F14B8EDA5B31E7D672B648 /* Frameworks */,
			);
			sourceTree = "<group>";
		};
		F50304451EEC0DDD0035A876 /* Products */ = {
			isa = PBXGroup;
			children = (
				F50304441EEC0DDD0035A876 /* OneTapMovie2.app */,
				F50304581EEC0DDD0035A876 /* OneTapMovie2Tests.xctest */,
				F50304631EEC0DDD0035A876 /* OneTapMovie2UITests.xctest */,
			);
			name = Products;
			sourceTree = "<group>";
		};
		F50304461EEC0DDD0035A876 /* OneTapMovie2 */ = {
			isa = PBXGroup;
			children = (
				F50304471EEC0DDD0035A876 /* AppDelegate.swift */,
				F503044B1EEC0DDD0035A876 /* Main.storyboard */,
				F50304771EEC6F960035A876 /* ResultViewController.swift */,
				F50304751EEC12DE0035A876 /* SearchPageViewController.swift */,
				F503044E1EEC0DDD0035A876 /* Assets.xcassets */,
				F50304501EEC0DDD0035A876 /* LaunchScreen.storyboard */,
				F50304531EEC0DDD0035A876 /* Info.plist */,
			);
			path = OneTapMovie2;
			sourceTree = "<group>";
		};
		F503045B1EEC0DDD0035A876 /* OneTapMovie2Tests */ = {
			isa = PBXGroup;
			children = (
				F503045C1EEC0DDD0035A876 /* OneTapMovie2Tests.swift */,
				F503045E1EEC0DDD0035A876 /* Info.plist */,
			);
			path = OneTapMovie2Tests;
			sourceTree = "<group>";
		};
		F50304661EEC0DDD0035A876 /* OneTapMovie2UITests */ = {
			isa = PBXGroup;
			children = (
				F50304671EEC0DDD0035A876 /* OneTapMovie2UITests.swift */,
				F50304691EEC0DDD0035A876 /* Info.plist */,
			);
			path = OneTapMovie2UITests;
			sourceTree = "<group>";
		};
/* End PBXGroup section */

/* Begin PBXNativeTarget section */
		F50304431EEC0DDD0035A876 /* OneTapMovie2 */ = {
			isa = PBXNativeTarget;
			buildConfigurationList = F503046C1EEC0DDD0035A876 /* Build configuration list for PBXNativeTarget "OneTapMovie2" */;
			buildPhases = (
				D5BFEAF058DDB7980E7D8D13 /* [CP] Check Pods Manifest.lock */,
				F50304401EEC0DDD0035A876 /* Sources */,
				F50304411EEC0DDD0035A876 /* Frameworks */,
				F50304421EEC0DDD0035A876 /* Resources */,
				9F465E9ACC173CA431A1AAC0 /* [CP] Embed Pods Frameworks */,
				4816F8BAFDFB4AE1D631011E /* [CP] Copy Pods Resources */,
			);
			buildRules = (
			);
			dependencies = (
			);
			name = OneTapMovie2;
			productName = OneTapMovie2;
			productReference = F50304441EEC0DDD0035A876 /* OneTapMovie2.app */;
			productType = "com.apple.product-type.application";
		};
		F50304571EEC0DDD0035A876 /* OneTapMovie2Tests */ = {
			isa = PBXNativeTarget;
			buildConfigurationList = F503046F1EEC0DDD0035A876 /* Build configuration list for PBXNativeTarget "OneTapMovie2Tests" */;
			buildPhases = (
				8F42562FA63654F090626E28 /* [CP] Check Pods Manifest.lock */,
				F50304541EEC0DDD0035A876 /* Sources */,
				F50304551EEC0DDD0035A876 /* Frameworks */,
				F50304561EEC0DDD0035A876 /* Resources */,
				ED1C06A4018470D05CC6103B /* [CP] Embed Pods Frameworks */,
				7F7F50A9412A44B2123B13F6 /* [CP] Copy Pods Resources */,
			);
			buildRules = (
			);
			dependencies = (
				F503045A1EEC0DDD0035A876 /* PBXTargetDependency */,
			);
			name = OneTapMovie2Tests;
			productName = OneTapMovie2Tests;
			productReference = F50304581EEC0DDD0035A876 /* OneTapMovie2Tests.xctest */;
			productType = "com.apple.product-type.bundle.unit-test";
		};
		F50304621EEC0DDD0035A876 /* OneTapMovie2UITests */ = {
			isa = PBXNativeTarget;
			buildConfigurationList = F50304721EEC0DDD0035A876 /* Build configuration list for PBXNativeTarget "OneTapMovie2UITests" */;
			buildPhases = (
				0926AD61E67EAA441B9D2A1D /* [CP] Check Pods Manifest.lock */,
				F503045F1EEC0DDD0035A876 /* Sources */,
				F50304601EEC0DDD0035A876 /* Frameworks */,
				F50304611EEC0DDD0035A876 /* Resources */,
				C971EA1C58BA745230E595B9 /* [CP] Embed Pods Frameworks */,
				C66FA0B953A56BC5B2D9BE8F /* [CP] Copy Pods Resources */,
			);
			buildRules = (
			);
			dependencies = (
				F50304651EEC0DDD0035A876 /* PBXTargetDependency */,
			);
			name = OneTapMovie2UITests;
			productName = OneTapMovie2UITests;
			productReference = F50304631EEC0DDD0035A876 /* OneTapMovie2UITests.xctest */;
			productType = "com.apple.product-type.bundle.ui-testing";
		};
/* End PBXNativeTarget section */

/* Begin PBXProject section */
		F503043C1EEC0DDC0035A876 /* Project object */ = {
			isa = PBXProject;
			attributes = {
				LastSwiftUpdateCheck = 0820;
				LastUpgradeCheck = 0820;
				ORGANIZATIONNAME = Fhict;
				TargetAttributes = {
					F50304431EEC0DDD0035A876 = {
						CreatedOnToolsVersion = 8.2.1;
						ProvisioningStyle = Automatic;
					};
					F50304571EEC0DDD0035A876 = {
						CreatedOnToolsVersion = 8.2.1;
						ProvisioningStyle = Automatic;
						TestTargetID = F50304431EEC0DDD0035A876;
					};
					F50304621EEC0DDD0035A876 = {
						CreatedOnToolsVersion = 8.2.1;
						ProvisioningStyle = Automatic;
						TestTargetID = F50304431EEC0DDD0035A876;
					};
				};
			};
			buildConfigurationList = F503043F1EEC0DDC0035A876 /* Build configuration list for PBXProject "OneTapMovie2" */;
			compatibilityVersion = "Xcode 3.2";
			developmentRegion = English;
			hasScannedForEncodings = 0;
			knownRegions = (
				en,
				Base,
			);
			mainGroup = F503043B1EEC0DDC0035A876;
			productRefGroup = F50304451EEC0DDD0035A876 /* Products */;
			projectDirPath = "";
			projectRoot = "";
			targets = (
				F50304431EEC0DDD0035A876 /* OneTapMovie2 */,
				F50304571EEC0DDD0035A876 /* OneTapMovie2Tests */,
				F50304621EEC0DDD0035A876 /* OneTapMovie2UITests */,
			);
		};
/* End PBXProject section */

/* Begin PBXResourcesBuildPhase section */
		F50304421EEC0DDD0035A876 /* Resources */ = {
			isa = PBXResourcesBuildPhase;
			buildActionMask = 2147483647;
			files = (
				F50304521EEC0DDD0035A876 /* LaunchScreen.storyboard in Resources */,
				F503044F1EEC0DDD0035A876 /* Assets.xcassets in Resources */,
				F503044D1EEC0DDD0035A876 /* Main.storyboard in Resources */,
			);
			runOnlyForDeploymentPostprocessing = 0;
		};
		F50304561EEC0DDD0035A876 /* Resources */ = {
			isa = PBXResourcesBuildPhase;
			buildActionMask = 2147483647;
			files = (
			);
			runOnlyForDeploymentPostprocessing = 0;
		};
		F50304611EEC0DDD0035A876 /* Resources */ = {
			isa = PBXResourcesBuildPhase;
			buildActionMask = 2147483647;
			files = (
			);
			runOnlyForDeploymentPostprocessing = 0;
		};
/* End PBXResourcesBuildPhase section */

/* Begin PBXShellScriptBuildPhase section */
		0926AD61E67EAA441B9D2A1D /* [CP] Check Pods Manifest.lock */ = {
			isa = PBXShellScriptBuildPhase;
			buildActionMask = 2147483647;
			files = (
			);
			inputPaths = (
			);
			name = "[CP] Check Pods Manifest.lock";
			outputPaths = (
			);
			runOnlyForDeploymentPostprocessing = 0;
			shellPath = /bin/sh;
			shellScript = "diff \"${PODS_PODFILE_DIR_PATH}/Podfile.lock\" \"${PODS_ROOT}/Manifest.lock\" > /dev/null\nif [ $? != 0 ] ; then\n    # print error to STDERR\n    echo \"error: The sandbox is not in sync with the Podfile.lock. Run 'pod install' or update your CocoaPods installation.\" >&2\n    exit 1\nfi\n";
			showEnvVarsInLog = 0;
		};
		4816F8BAFDFB4AE1D631011E /* [CP] Copy Pods Resources */ = {
			isa = PBXShellScriptBuildPhase;
			buildActionMask = 2147483647;
			files = (
			);
			inputPaths = (
			);
			name = "[CP] Copy Pods Resources";
			outputPaths = (
			);
			runOnlyForDeploymentPostprocessing = 0;
			shellPath = /bin/sh;
			shellScript = "\"${SRCROOT}/Pods/Target Support Files/Pods-OneTapMovie2/Pods-OneTapMovie2-resources.sh\"\n";
			showEnvVarsInLog = 0;
		};
		7F7F50A9412A44B2123B13F6 /* [CP] Copy Pods Resources */ = {
			isa = PBXShellScriptBuildPhase;
			buildActionMask = 2147483647;
			files = (
			);
			inputPaths = (
			);
			name = "[CP] Copy Pods Resources";
			outputPaths = (
			);
			runOnlyForDeploymentPostprocessing = 0;
			shellPath = /bin/sh;
			shellScript = "\"${SRCROOT}/Pods/Target Support Files/Pods-OneTapMovie2Tests/Pods-OneTapMovie2Tests-resources.sh\"\n";
			showEnvVarsInLog = 0;
		};
		8F42562FA63654F090626E28 /* [CP] Check Pods Manifest.lock */ = {
			isa = PBXShellScriptBuildPhase;
			buildActionMask = 2147483647;
			files = (
			);
			inputPaths = (
			);
			name = "[CP] Check Pods Manifest.lock";
			outputPaths = (
			);
			runOnlyForDeploymentPostprocessing = 0;
			shellPath = /bin/sh;
			shellScript = "diff \"${PODS_PODFILE_DIR_PATH}/Podfile.lock\" \"${PODS_ROOT}/Manifest.lock\" > /dev/null\nif [ $? != 0 ] ; then\n    # print error to STDERR\n    echo \"error: The sandbox is not in sync with the Podfile.lock. Run 'pod install' or update your CocoaPods installation.\" >&2\n    exit 1\nfi\n";
			showEnvVarsInLog = 0;
		};
		9F465E9ACC173CA431A1AAC0 /* [CP] Embed Pods Frameworks */ = {
			isa = PBXShellScriptBuildPhase;
			buildActionMask = 2147483647;
			files = (
			);
			inputPaths = (
			);
			name = "[CP] Embed Pods Frameworks";
			outputPaths = (
			);
			runOnlyForDeploymentPostprocessing = 0;
			shellPath = /bin/sh;
			shellScript = "\"${SRCROOT}/Pods/Target Support Files/Pods-OneTapMovie2/Pods-OneTapMovie2-frameworks.sh\"\n";
			showEnvVarsInLog = 0;
		};
		C66FA0B953A56BC5B2D9BE8F /* [CP] Copy Pods Resources */ = {
			isa = PBXShellScriptBuildPhase;
			buildActionMask = 2147483647;
			files = (
			);
			inputPaths = (
			);
			name = "[CP] Copy Pods Resources";
			outputPaths = (
			);
			runOnlyForDeploymentPostprocessing = 0;
			shellPath = /bin/sh;
			shellScript = "\"${SRCROOT}/Pods/Target Support Files/Pods-OneTapMovie2UITests/Pods-OneTapMovie2UITests-resources.sh\"\n";
			showEnvVarsInLog = 0;
		};
		C971EA1C58BA745230E595B9 /* [CP] Embed Pods Frameworks */ = {
			isa = PBXShellScriptBuildPhase;
			buildActionMask = 2147483647;
			files = (
			);
			inputPaths = (
			);
			name = "[CP] Embed Pods Frameworks";
			outputPaths = (
			);
			runOnlyForDeploymentPostprocessing = 0;
			shellPath = /bin/sh;
			shellScript = "\"${SRCROOT}/Pods/Target Support Files/Pods-OneTapMovie2UITests/Pods-OneTapMovie2UITests-frameworks.sh\"\n";
			showEnvVarsInLog = 0;
		};
		D5BFEAF058DDB7980E7D8D13 /* [CP] Check Pods Manifest.lock */ = {
			isa = PBXShellScriptBuildPhase;
			buildActionMask = 2147483647;
			files = (
			);
			inputPaths = (
			);
			name = "[CP] Check Pods Manifest.lock";
			outputPaths = (
			);
			runOnlyForDeploymentPostprocessing = 0;
			shellPath = /bin/sh;
			shellScript = "diff \"${PODS_PODFILE_DIR_PATH}/Podfile.lock\" \"${PODS_ROOT}/Manifest.lock\" > /dev/null\nif [ $? != 0 ] ; then\n    # print error to STDERR\n    echo \"error: The sandbox is not in sync with the Podfile.lock. Run 'pod install' or update your CocoaPods installation.\" >&2\n    exit 1\nfi\n";
			showEnvVarsInLog = 0;
		};
		ED1C06A4018470D05CC6103B /* [CP] Embed Pods Frameworks */ = {
			isa = PBXShellScriptBuildPhase;
			buildActionMask = 2147483647;
			files = (
			);
			inputPaths = (
			);
			name = "[CP] Embed Pods Frameworks";
			outputPaths = (
			);
			runOnlyForDeploymentPostprocessing = 0;
			shellPath = /bin/sh;
			shellScript = "\"${SRCROOT}/Pods/Target Support Files/Pods-OneTapMovie2Tests/Pods-OneTapMovie2Tests-frameworks.sh\"\n";
			showEnvVarsInLog = 0;
		};
/* End PBXShellScriptBuildPhase section */

/* Begin PBXSourcesBuildPhase section */
		F50304401EEC0DDD0035A876 /* Sources */ = {
			isa = PBXSourcesBuildPhase;
			buildActionMask = 2147483647;
			files = (
				F50304481EEC0DDD0035A876 /* AppDelegate.swift in Sources */,
				F50304761EEC12DE0035A876 /* SearchPageViewController.swift in Sources */,
				F50304781EEC6F960035A876 /* ResultViewController.swift in Sources */,
			);
			runOnlyForDeploymentPostprocessing = 0;
		};
		F50304541EEC0DDD0035A876 /* Sources */ = {
			isa = PBXSourcesBuildPhase;
			buildActionMask = 2147483647;
			files = (
				F503045D1EEC0DDD0035A876 /* OneTapMovie2Tests.swift in Sources */,
			);
			runOnlyForDeploymentPostprocessing = 0;
		};
		F503045F1EEC0DDD0035A876 /* Sources */ = {
			isa = PBXSourcesBuildPhase;
			buildActionMask = 2147483647;
			files = (
				F50304681EEC0DDD0035A876 /* OneTapMovie2UITests.swift in Sources */,
			);
			runOnlyForDeploymentPostprocessing = 0;
		};
/* End PBXSourcesBuildPhase section */

/* Begin PBXTargetDependency section */
		F503045A1EEC0DDD0035A876 /* PBXTargetDependency */ = {
			isa = PBXTargetDependency;
			target = F50304431EEC0DDD0035A876 /* OneTapMovie2 */;
			targetProxy = F50304591EEC0DDD0035A876 /* PBXContainerItemProxy */;
		};
		F50304651EEC0DDD0035A876 /* PBXTargetDependency */ = {
			isa = PBXTargetDependency;
			target = F50304431EEC0DDD0035A876 /* OneTapMovie2 */;
			targetProxy = F50304641EEC0DDD0035A876 /* PBXContainerItemProxy */;
		};
/* End PBXTargetDependency section */

/* Begin PBXVariantGroup section */
		F503044B1EEC0DDD0035A876 /* Main.storyboard */ = {
			isa = PBXVariantGroup;
			children = (
				F503044C1EEC0DDD0035A876 /* Base */,
			);
			name = Main.storyboard;
			sourceTree = "<group>";
		};
		F50304501EEC0DDD0035A876 /* LaunchScreen.storyboard */ = {
			isa = PBXVariantGroup;
			children = (
				F50304511EEC0DDD0035A876 /* Base */,
			);
			name = LaunchScreen.storyboard;
			sourceTree = "<group>";
		};
/* End PBXVariantGroup section */

/* Begin XCBuildConfiguration section */
		F503046A1EEC0DDD0035A876 /* Debug */ = {
			isa = XCBuildConfiguration;
			buildSettings = {
				ALWAYS_SEARCH_USER_PATHS = NO;
				CLANG_ANALYZER_NONNULL = YES;
				CLANG_CXX_LANGUAGE_STANDARD = "gnu++0x";
				CLANG_CXX_LIBRARY = "libc++";
				CLANG_ENABLE_MODULES = YES;
				CLANG_ENABLE_OBJC_ARC = YES;
				CLANG_WARN_BOOL_CONVERSION = YES;
				CLANG_WARN_CONSTANT_CONVERSION = YES;
				CLANG_WARN_DIRECT_OBJC_ISA_USAGE = YES_ERROR;
				CLANG_WARN_DOCUMENTATION_COMMENTS = YES;
				CLANG_WARN_EMPTY_BODY = YES;
				CLANG_WARN_ENUM_CONVERSION = YES;
				CLANG_WARN_INFINITE_RECURSION = YES;
				CLANG_WARN_INT_CONVERSION = YES;
				CLANG_WARN_OBJC_ROOT_CLASS = YES_ERROR;
				CLANG_WARN_SUSPICIOUS_MOVE = YES;
				CLANG_WARN_UNREACHABLE_CODE = YES;
				CLANG_WARN__DUPLICATE_METHOD_MATCH = YES;
				"CODE_SIGN_IDENTITY[sdk=iphoneos*]" = "iPhone Developer";
				COPY_PHASE_STRIP = NO;
				DEBUG_INFORMATION_FORMAT = dwarf;
				ENABLE_STRICT_OBJC_MSGSEND = YES;
				ENABLE_TESTABILITY = YES;
				GCC_C_LANGUAGE_STANDARD = gnu99;
				GCC_DYNAMIC_NO_PIC = NO;
				GCC_NO_COMMON_BLOCKS = YES;
				GCC_OPTIMIZATION_LEVEL = 0;
				GCC_PREPROCESSOR_DEFINITIONS = (
					"DEBUG=1",
					"$(inherited)",
				);
				GCC_WARN_64_TO_32_BIT_CONVERSION = YES;
				GCC_WARN_ABOUT_RETURN_TYPE = YES_ERROR;
				GCC_WARN_UNDECLARED_SELECTOR = YES;
				GCC_WARN_UNINITIALIZED_AUTOS = YES_AGGRESSIVE;
				GCC_WARN_UNUSED_FUNCTION = YES;
				GCC_WARN_UNUSED_VARIABLE = YES;
				IPHONEOS_DEPLOYMENT_TARGET = 10.2;
				MTL_ENABLE_DEBUG_INFO = YES;
				ONLY_ACTIVE_ARCH = YES;
				SDKROOT = iphoneos;
				SWIFT_ACTIVE_COMPILATION_CONDITIONS = DEBUG;
				SWIFT_OPTIMIZATION_LEVEL = "-Onone";
				TARGETED_DEVICE_FAMILY = "1,2";
			};
			name = Debug;
		};
		F503046B1EEC0DDD0035A876 /* Release */ = {
			isa = XCBuildConfiguration;
			buildSettings = {
				ALWAYS_SEARCH_USER_PATHS = NO;
				CLANG_ANALYZER_NONNULL = YES;
				CLANG_CXX_LANGUAGE_STANDARD = "gnu++0x";
				CLANG_CXX_LIBRARY = "libc++";
				CLANG_ENABLE_MODULES = YES;
				CLANG_ENABLE_OBJC_ARC = YES;
				CLANG_WARN_BOOL_CONVERSION = YES;
				CLANG_WARN_CONSTANT_CONVERSION = YES;
				CLANG_WARN_DIRECT_OBJC_ISA_USAGE = YES_ERROR;
				CLANG_WARN_DOCUMENTATION_COMMENTS = YES;
				CLANG_WARN_EMPTY_BODY = YES;
				CLANG_WARN_ENUM_CONVERSION = YES;
				CLANG_WARN_INFINITE_RECURSION = YES;
				CLANG_WARN_INT_CONVERSION = YES;
				CLANG_WARN_OBJC_ROOT_CLASS = YES_ERROR;
				CLANG_WARN_SUSPICIOUS_MOVE = YES;
				CLANG_WARN_UNREACHABLE_CODE = YES;
				CLANG_WARN__DUPLICATE_METHOD_MATCH = YES;
				"CODE_SIGN_IDENTITY[sdk=iphoneos*]" = "iPhone Developer";
				COPY_PHASE_STRIP = NO;
				DEBUG_INFORMATION_FORMAT = "dwarf-with-dsym";
				ENABLE_NS_ASSERTIONS = NO;
				ENABLE_STRICT_OBJC_MSGSEND = YES;
				GCC_C_LANGUAGE_STANDARD = gnu99;
				GCC_NO_COMMON_BLOCKS = YES;
				GCC_WARN_64_TO_32_BIT_CONVERSION = YES;
				GCC_WARN_ABOUT_RETURN_TYPE = YES_ERROR;
				GCC_WARN_UNDECLARED_SELECTOR = YES;
				GCC_WARN_UNINITIALIZED_AUTOS = YES_AGGRESSIVE;
				GCC_WARN_UNUSED_FUNCTION = YES;
				GCC_WARN_UNUSED_VARIABLE = YES;
				IPHONEOS_DEPLOYMENT_TARGET = 10.2;
				MTL_ENABLE_DEBUG_INFO = NO;
				SDKROOT = iphoneos;
				SWIFT_OPTIMIZATION_LEVEL = "-Owholemodule";
				TARGETED_DEVICE_FAMILY = "1,2";
				VALIDATE_PRODUCT = YES;
			};
			name = Release;
		};
		F503046D1EEC0DDD0035A876 /* Debug */ = {
			isa = XCBuildConfiguration;
			baseConfigurationReference = F859B3B0FB630DAF44F121D3 /* Pods-OneTapMovie2.debug.xcconfig */;
			buildSettings = {
				ASSETCATALOG_COMPILER_APPICON_NAME = AppIcon;
				INFOPLIST_FILE = OneTapMovie2/Info.plist;
				LD_RUNPATH_SEARCH_PATHS = "$(inherited) @executable_path/Frameworks";
				PRODUCT_BUNDLE_IDENTIFIER = Fontys.OneTapMovie2;
				PRODUCT_NAME = "$(TARGET_NAME)";
				SWIFT_VERSION = 3.0;
			};
			name = Debug;
		};
		F503046E1EEC0DDD0035A876 /* Release */ = {
			isa = XCBuildConfiguration;
			baseConfigurationReference = BD804D197CAF185D7F9434EE /* Pods-OneTapMovie2.release.xcconfig */;
			buildSettings = {
				ASSETCATALOG_COMPILER_APPICON_NAME = AppIcon;
				INFOPLIST_FILE = OneTapMovie2/Info.plist;
				LD_RUNPATH_SEARCH_PATHS = "$(inherited) @executable_path/Frameworks";
				PRODUCT_BUNDLE_IDENTIFIER = Fontys.OneTapMovie2;
				PRODUCT_NAME = "$(TARGET_NAME)";
				SWIFT_VERSION = 3.0;
			};
			name = Release;
		};
		F50304701EEC0DDD0035A876 /* Debug */ = {
			isa = XCBuildConfiguration;
			baseConfigurationReference = 62B5F97EA36F75020E1BE691 /* Pods-OneTapMovie2Tests.debug.xcconfig */;
			buildSettings = {
				ALWAYS_EMBED_SWIFT_STANDARD_LIBRARIES = YES;
				BUNDLE_LOADER = "$(TEST_HOST)";
				INFOPLIST_FILE = OneTapMovie2Tests/Info.plist;
				LD_RUNPATH_SEARCH_PATHS = "$(inherited) @executable_path/Frameworks @loader_path/Frameworks";
				PRODUCT_BUNDLE_IDENTIFIER = Fontys.OneTapMovie2Tests;
				PRODUCT_NAME = "$(TARGET_NAME)";
				SWIFT_VERSION = 3.0;
				TEST_HOST = "$(BUILT_PRODUCTS_DIR)/OneTapMovie2.app/OneTapMovie2";
			};
			name = Debug;
		};
		F50304711EEC0DDD0035A876 /* Release */ = {
			isa = XCBuildConfiguration;
			baseConfigurationReference = 50F380C57279E727CDD7672B /* Pods-OneTapMovie2Tests.release.xcconfig */;
			buildSettings = {
				ALWAYS_EMBED_SWIFT_STANDARD_LIBRARIES = YES;
				BUNDLE_LOADER = "$(TEST_HOST)";
				INFOPLIST_FILE = OneTapMovie2Tests/Info.plist;
				LD_RUNPATH_SEARCH_PATHS = "$(inherited) @executable_path/Frameworks @loader_path/Frameworks";
				PRODUCT_BUNDLE_IDENTIFIER = Fontys.OneTapMovie2Tests;
				PRODUCT_NAME = "$(TARGET_NAME)";
				SWIFT_VERSION = 3.0;
				TEST_HOST = "$(BUILT_PRODUCTS_DIR)/OneTapMovie2.app/OneTapMovie2";
			};
			name = Release;
		};
		F50304731EEC0DDD0035A876 /* Debug */ = {
			isa = XCBuildConfiguration;
			baseConfigurationReference = F78B95E938BC43D2CC1EEE1D /* Pods-OneTapMovie2UITests.debug.xcconfig */;
			buildSettings = {
				ALWAYS_EMBED_SWIFT_STANDARD_LIBRARIES = YES;
				INFOPLIST_FILE = OneTapMovie2UITests/Info.plist;
				LD_RUNPATH_SEARCH_PATHS = "$(inherited) @executable_path/Frameworks @loader_path/Frameworks";
				PRODUCT_BUNDLE_IDENTIFIER = Fontys.OneTapMovie2UITests;
				PRODUCT_NAME = "$(TARGET_NAME)";
				SWIFT_VERSION = 3.0;
				TEST_TARGET_NAME = OneTapMovie2;
			};
			name = Debug;
		};
		F50304741EEC0DDD0035A876 /* Release */ = {
			isa = XCBuildConfiguration;
			baseConfigurationReference = 32F1D4D866357AFD5D2D8BA1 /* Pods-OneTapMovie2UITests.release.xcconfig */;
			buildSettings = {
				ALWAYS_EMBED_SWIFT_STANDARD_LIBRARIES = YES;
				INFOPLIST_FILE = OneTapMovie2UITests/Info.plist;
				LD_RUNPATH_SEARCH_PATHS = "$(inherited) @executable_path/Frameworks @loader_path/Frameworks";
				PRODUCT_BUNDLE_IDENTIFIER = Fontys.OneTapMovie2UITests;
				PRODUCT_NAME = "$(TARGET_NAME)";
				SWIFT_VERSION = 3.0;
				TEST_TARGET_NAME = OneTapMovie2;
			};
			name = Release;
		};
/* End XCBuildConfiguration section */

/* Begin XCConfigurationList section */
		F503043F1EEC0DDC0035A876 /* Build configuration list for PBXProject "OneTapMovie2" */ = {
			isa = XCConfigurationList;
			buildConfigurations = (
				F503046A1EEC0DDD0035A876 /* Debug */,
				F503046B1EEC0DDD0035A876 /* Release */,
			);
			defaultConfigurationIsVisible = 0;
			defaultConfigurationName = Release;
		};
		F503046C1EEC0DDD0035A876 /* Build configuration list for PBXNativeTarget "OneTapMovie2" */ = {
			isa = XCConfigurationList;
			buildConfigurations = (
				F503046D1EEC0DDD0035A876 /* Debug */,
				F503046E1EEC0DDD0035A876 /* Release */,
			);
			defaultConfigurationIsVisible = 0;
			defaultConfigurationName = Release;
		};
		F503046F1EEC0DDD0035A876 /* Build configuration list for PBXNativeTarget "OneTapMovie2Tests" */ = {
			isa = XCConfigurationList;
			buildConfigurations = (
				F50304701EEC0DDD0035A876 /* Debug */,
				F50304711EEC0DDD0035A876 /* Release */,
			);
			defaultConfigurationIsVisible = 0;
			defaultConfigurationName = Release;
		};
		F50304721EEC0DDD0035A876 /* Build configuration list for PBXNativeTarget "OneTapMovie2UITests" */ = {
			isa = XCConfigurationList;
			buildConfigurations = (
				F50304731EEC0DDD0035A876 /* Debug */,
				F50304741EEC0DDD0035A876 /* Release */,
			);
			defaultConfigurationIsVisible = 0;
			defaultConfigurationName = Release;
		};
/* End XCConfigurationList section */
	};
	rootObject = F503043C1EEC0DDC0035A876 /* Project object */;
}
